
Microsoft Visual Studio Solution File, Format Version 12.00
# Visual Studio Version 17
VisualStudioVersion = 17.8.34511.84
MinimumVisualStudioVersion = 10.0.40219.1
Project("{FAE04EC0-301F-11D3-BF4B-00C04F79EFBC}") = "lista_nome_idade", "lista_nome_idade\lista_nome_idade.csproj", "{2629FB3A-F39F-4EFA-AD7A-D28D6F53112D}"
EndProject
Global
	GlobalSection(SolutionConfigurationPlatforms) = preSolution
		Debug|Any CPU = Debug|Any CPU
		Release|Any CPU = Release|Any CPU
	EndGlobalSection
	GlobalSection(ProjectConfigurationPlatforms) = postSolution
		{2629FB3A-F39F-4EFA-AD7A-D28D6F53112D}.Debug|Any CPU.ActiveCfg = Debug|Any CPU
		{2629FB3A-F39F-4EFA-AD7A-D28D6F53112D}.Debug|Any CPU.Build.0 = Debug|Any CPU
		{2629FB3A-F39F-4EFA-AD7A-D28D6F53112D}.Release|Any CPU.ActiveCfg = Release|Any CPU
		{2629FB3A-F39F-4EFA-AD7A-D28D6F53112D}.Release|Any CPU.Build.0 = Release|Any CPU
	EndGlobalSection
	GlobalSection(SolutionProperties) = preSolution
		HideSolutionNode = FALSE
	EndGlobalSection
	GlobalSection(ExtensibilityGlobals) = postSolution
		SolutionGuid = {126D8E43-499E-4450-B34C-EAAC437FEA64}
	EndGlobalSection
EndGlobal
